{
  "requires": true,
  "lockfileVersion": 1,
  "dependencies": {
    "aug": {
      "version": "0.0.5",
      "resolved": "https://registry.npmjs.org/aug/-/aug-0.0.5.tgz",
      "integrity": "sha1-Lvk6obZIMMe5tvAIu+PpexHKYtU="
    },
    "boots": {
      "version": "0.3.0",
      "resolved": "https://registry.npmjs.org/boots/-/boots-0.3.0.tgz",
      "integrity": "sha1-MvQ1GuRg4gfbVBEe1AT+yN0HO1g=",
      "requires": {
        "aug": "0.0.5",
        "cli-table": "0.0.2",
        "commander": "1.0.1",
        "mkdirp": "0.3.3",
        "request": "2.10.0",
        "zip": "0.0.6"
      }
    },
    "cli-table": {
      "version": "0.0.2",
      "resolved": "https://registry.npmjs.org/cli-table/-/cli-table-0.0.2.tgz",
      "integrity": "sha1-mChn4WQ1Mlxmwgih5xuVM26jCTs=",
      "requires": {
        "colors": "0.3.0"
      }
    },
    "colors": {
      "version": "0.3.0",
      "resolved": "https://registry.npmjs.org/colors/-/colors-0.3.0.tgz",
      "integrity": "sha1-wkfWTTTbDKTcjkPz7NbamNCvlOc="
    },
    "commander": {
      "version": "1.0.1",
      "resolved": "https://registry.npmjs.org/commander/-/commander-1.0.1.tgz",
      "integrity": "sha1-4sGNybj3zlEYWySCcYkLGvYszq8="
    },
    "event-queue": {
      "version": "0.2.0",
      "resolved": "https://registry.npmjs.org/event-queue/-/event-queue-0.2.0.tgz",
      "integrity": "sha1-LHJzoDr9mHzYS4zCwmF/4A7xRKc="
    },
    "mkdirp": {
      "version": "0.3.3",
      "resolved": "https://registry.npmjs.org/mkdirp/-/mkdirp-0.3.3.tgz",
      "integrity": "sha1-WV4lHBNww6aLqyE20ONIuBBa3xM="
    },
    "q": {
      "version": "0.7.2",
      "resolved": "https://registry.npmjs.org/q/-/q-0.7.2.tgz",
      "integrity": "sha1-Id5UB31e5aHsPHWT60EeZJCvMCo=",
      "requires": {
        "event-queue": ">=0.0.1"
      }
    },
    "q-io": {
      "version": "0.0.11",
      "resolved": "https://registry.npmjs.org/q-io/-/q-io-0.0.11.tgz",
      "integrity": "sha1-G2AVf+pCxof94pmoE1QL/i3SxfE=",
      "requires": {
        "q": "0.7.2"
      }
    },
    "q-io-buffer": {
      "version": "0.0.2",
      "resolved": "https://registry.npmjs.org/q-io-buffer/-/q-io-buffer-0.0.2.tgz",
      "integrity": "sha1-rFU5V02Y02QXKu7TxMTHmVUNSnc=",
      "requires": {
        "q": "0.7.2"
      }
    },
    "request": {
      "version": "2.10.0",
      "resolved": "https://registry.npmjs.org/request/-/request-2.10.0.tgz",
      "integrity": "sha1-mRG172abZQDaKuCxM/oc/JKxxIo="
    },
    "zip": {
      "version": "0.0.6",
      "resolved": "https://registry.npmjs.org/zip/-/zip-0.0.6.tgz",
      "integrity": "sha1-nHCXJisBEQ02NDCnoyvjxfhVlwI=",
      "requires": {
        "q": "0.7.2",
        "q-io": "0.0.11",
        "q-io-buffer": "0.0.2"
      }
    }
  }
}
